# This file is autogenerated, do not edit; changes may be undone by the next 'dep ensure'.


[[projects]]
  name = "github.com/Juniper/go-netconf"
  packages = ["netconf"]
  revision = "a2b17df81b3cb517c0f0e0498ba30b999da16868"
  version = "v0.1.1"

[[projects]]
  branch = "master"
  name = "github.com/alecthomas/template"
  packages = [
    ".",
    "parse"
  ]
  revision = "a0175ee3bccc567396460bf5acd36800cb10c49c"

[[projects]]
  branch = "master"
  name = "github.com/alecthomas/units"
  packages = ["."]
  revision = "2efee857e7cfd4f3d0138cc3cbb1b4966962b93a"

[[projects]]
  name = "github.com/amimof/huego"
  packages = ["."]
  revision = "613c1fc066b042bad837e0245f310f6bbf2c4369"
  version = "1.0.2"

[[projects]]
  name = "github.com/beorn7/perks"
  packages = ["quantile"]
  revision = "4b2b341e8d7715fae06375aa633dbb6e91b3fb46"
  version = "v1.0.0"

[[projects]]
  name = "github.com/fsnotify/fsnotify"
  packages = ["."]
  revision = "c2828203cd70a50dcccfb2761f8b1f8ceef9a8e9"
  version = "v1.4.7"

[[projects]]
  name = "github.com/go-redis/redis"
  packages = [
    ".",
    "internal",
    "internal/consistenthash",
    "internal/hashtag",
    "internal/pool",
    "internal/proto",
    "internal/util"
  ]
  revision = "75795aa4236dc7341eefac3bbe945e68c99ef9df"
  version = "v6.15.3"

[[projects]]
  name = "github.com/golang/protobuf"
  packages = ["proto"]
  revision = "b5d812f8a3706043e23a9cd5babf2e5423744d30"
  version = "v1.3.1"

[[projects]]
  name = "github.com/golang/snappy"
  packages = ["."]
  revision = "2a8bb927dd31d8daada140a5d09578521ce5c36a"
  version = "v0.0.1"

[[projects]]
  name = "github.com/hashicorp/errwrap"
  packages = ["."]
  revision = "8a6fb523712970c966eefc6b39ed2c5e74880354"
  version = "v1.0.0"

[[projects]]
  name = "github.com/hashicorp/go-cleanhttp"
  packages = ["."]
  revision = "eda1e5db218aad1db63ca4642c8906b26bcf2744"
  version = "v0.5.1"

[[projects]]
  name = "github.com/hashicorp/go-multierror"
  packages = ["."]
  revision = "886a7fbe3eb1c874d46f623bfa70af45f425b3d1"
  version = "v1.0.0"

[[projects]]
  name = "github.com/hashicorp/go-retryablehttp"
  packages = ["."]
  revision = "85a8ee556d7323a4faf0f4c17ee900e9ff1482e8"
  version = "v0.5.4"

[[projects]]
  name = "github.com/hashicorp/go-rootcerts"
  packages = ["."]
  revision = "df8e78a645e18d56ed7bb9ae10ffb8174ab892e2"
  version = "v1.0.1"

[[projects]]
  name = "github.com/hashicorp/go-sockaddr"
  packages = ["."]
  revision = "c7188e74f6acae5a989bdc959aa779f8b9f42faf"
  version = "v1.0.2"

[[projects]]
  name = "github.com/hashicorp/hcl"
  packages = [
    ".",
    "hcl/ast",
    "hcl/parser",
    "hcl/printer",
    "hcl/scanner",
    "hcl/strconv",
    "hcl/token",
    "json/parser",
    "json/scanner",
    "json/token"
  ]
  revision = "8cb6e5b959231cc1119e43259c4a608f9c51a241"
  version = "v1.0.0"

[[projects]]
  name = "github.com/hashicorp/vault"
  packages = [
    "api",
    "sdk/helper/compressutil",
    "sdk/helper/consts",
    "sdk/helper/hclutil",
    "sdk/helper/jsonutil",
    "sdk/helper/parseutil",
    "sdk/helper/strutil"
  ]
  revision = "e16495da552c996068e05574cddf69875199f949"
  version = "v1.2.1"

[[projects]]
  name = "github.com/imdario/mergo"
  packages = ["."]
  revision = "7c29201646fa3de8506f701213473dd407f19646"
  version = "v0.3.7"

[[projects]]
  name = "github.com/inconshreveable/mousetrap"
  packages = ["."]
  revision = "76626ae9c91c4f2a10f34cad8ce83ea42c93bb75"
  version = "v1.0"

[[projects]]
  name = "github.com/konsorten/go-windows-terminal-sequences"
  packages = ["."]
  revision = "f55edac94c9bbba5d6182a4be46d86a2c9b5b50e"
  version = "v1.0.2"

[[projects]]
  name = "github.com/magiconair/properties"
  packages = ["."]
  revision = "de8848e004dd33dc07a2947b3d76f618a7fc7ef1"
  version = "v1.8.1"

[[projects]]
  name = "github.com/matttproud/golang_protobuf_extensions"
  packages = ["pbutil"]
  revision = "c12348ce28de40eed0136aa2b644d0ee0650e56c"
  version = "v1.0.1"

[[projects]]
  name = "github.com/mitchellh/go-homedir"
  packages = ["."]
  revision = "af06845cf3004701891bf4fdb884bfe4920b3727"
  version = "v1.1.0"

[[projects]]
  name = "github.com/mitchellh/mapstructure"
  packages = ["."]
  revision = "3536a929edddb9a5b34bd6861dc4a9647cb459fe"
  version = "v1.1.2"

[[projects]]
  name = "github.com/nats-io/go-nats"
  packages = [
    ".",
    "encoders/builtin",
    "util"
  ]
  revision = "70fe06cee50d4b6f98248d9675fb55f2a3aa7228"
  version = "v1.7.2"

[[projects]]
  name = "github.com/nats-io/nkeys"
  packages = ["."]
  revision = "1546a3320a8f195a5b5c84aef8309377c2e411d5"
  version = "v0.0.2"

[[projects]]
  name = "github.com/nats-io/nuid"
  packages = ["."]
  revision = "4b96681fa6d28dd0ab5fe79bac63b3a493d9ee94"
  version = "v1.0.1"

[[projects]]
  name = "github.com/pelletier/go-toml"
  packages = ["."]
  revision = "728039f679cbcd4f6a54e080d2219a4c4928c546"
  version = "v1.4.0"

[[projects]]
  name = "github.com/pierrec/lz4"
  packages = [
    ".",
    "internal/xxh32"
  ]
  revision = "8ef35db8296124c4969aab929c16c91c3cb2c8a0"
  version = "v2.2.6"

[[projects]]
  name = "github.com/prometheus/client_golang"
  packages = [
    "prometheus",
    "prometheus/internal",
    "prometheus/promhttp"
  ]
  revision = "4ab88e80c249ed361d3299e2930427d9ac43ef8d"
  version = "v1.0.0"

[[projects]]
  branch = "master"
  name = "github.com/prometheus/client_model"
  packages = ["go"]
  revision = "fd36f4220a901265f90734c3183c5f0c91daa0b8"

[[projects]]
  name = "github.com/prometheus/common"
  packages = [
    "expfmt",
    "internal/bitbucket.org/ww/goautoneg",
    "log",
    "model"
  ]
  revision = "31bed53e4047fd6c510e43a941f90cb31be0972a"
  version = "v0.6.0"

[[projects]]
  name = "github.com/prometheus/procfs"
  packages = [
    ".",
    "internal/fs"
  ]
  revision = "833678b5bb319f2d20a475cb165c6cc59c2cc77c"
  version = "v0.0.2"

[[projects]]
  name = "github.com/ryanuber/go-glob"
  packages = ["."]
  revision = "51a8f68e6c24dc43f1e371749c89a267de4ebc53"
  version = "v1.0.0"

[[projects]]
  branch = "master"
  name = "github.com/scottdware/go-junos"
  packages = ["."]
  revision = "f13e453969857fa8a7da389c1c0ba203cde26908"

[[projects]]
  branch = "master"
  name = "github.com/scottdware/go-rested"
  packages = ["."]
  revision = "93e152ef32a6d21b8ccbfd40012db8a916c5c3cc"

[[projects]]
  name = "github.com/sirupsen/logrus"
  packages = ["."]
  revision = "839c75faf7f98a33d445d181f3018b5c3409a45e"
  version = "v1.4.2"

[[projects]]
  name = "github.com/spf13/afero"
  packages = [
    ".",
    "mem"
  ]
  revision = "588a75ec4f32903aa5e39a2619ba6a4631e28424"
  version = "v1.2.2"

[[projects]]
  name = "github.com/spf13/cast"
  packages = ["."]
  revision = "8c9545af88b134710ab1cd196795e7f2388358d7"
  version = "v1.3.0"

[[projects]]
  name = "github.com/spf13/cobra"
  packages = ["."]
  revision = "f2b07da1e2c38d5f12845a4f607e2e1018cbb1f5"
  version = "v0.0.5"

[[projects]]
  name = "github.com/spf13/jwalterweatherman"
  packages = ["."]
  revision = "94f6ae3ed3bceceafa716478c5fbf8d29ca601a1"
  version = "v1.1.0"

[[projects]]
  name = "github.com/spf13/pflag"
  packages = ["."]
  revision = "298182f68c66c05229eb03ac171abe6e309ee79a"
  version = "v1.0.3"

[[projects]]
  name = "github.com/spf13/viper"
  packages = ["."]
  revision = "b5bf975e5823809fb22c7644d008757f78a4259e"
  version = "v1.4.0"

[[projects]]
  branch = "master"
  name = "github.com/xaque208/rftoy"
  packages = ["rftoy"]
  revision = "68da7ed29fcb6fde19745d64a8bfa5d539ed8a69"

[[projects]]
  branch = "master"
  name = "github.com/xaque208/things"
  packages = ["things"]
  revision = "bd17b90bf357ec30d7cd5b62ba281249ba598b04"

[[projects]]
  branch = "master"
  name = "github.com/xaque208/znet"
  packages = ["znet"]
  revision = "a4c878a51824ac928bd6c96a3c9f6f67a1242944"

[[projects]]
  branch = "master"
  name = "github.com/ziutek/telnet"
  packages = ["."]
  revision = "c3b780dc415b28894076b4ec975ea3ea69e3980f"

[[projects]]
  branch = "master"
  name = "golang.org/x/crypto"
  packages = [
    "curve25519",
    "ed25519",
    "ed25519/internal/edwards25519",
    "internal/chacha20",
    "internal/subtle",
    "pbkdf2",
    "poly1305",
    "ssh",
    "ssh/agent"
  ]
  revision = "cc06ce4a13d484c0101a9e92913248488a75786d"

[[projects]]
  branch = "master"
  name = "golang.org/x/net"
  packages = [
    "http/httpguts",
    "http2",
    "http2/hpack",
    "idna"
  ]
  revision = "ca1201d0de80cfde86cb01aea620983605dfe99b"

[[projects]]
  branch = "master"
  name = "golang.org/x/sys"
  packages = [
    "cpu",
    "unix",
    "windows",
    "windows/registry",
    "windows/svc/eventlog"
  ]
  revision = "d432491b91382bba9c2a91776aa47c9430183a6f"

[[projects]]
  name = "golang.org/x/text"
  packages = [
    "collate",
    "collate/build",
    "internal/colltab",
    "internal/gen",
    "internal/language",
    "internal/language/compact",
    "internal/tag",
    "internal/triegen",
    "internal/ucd",
    "language",
    "secure/bidirule",
    "transform",
    "unicode/bidi",
    "unicode/cldr",
    "unicode/norm",
    "unicode/rangetable"
  ]
  revision = "342b2e1fbaa52c93f31447ad2c6abc048c63e475"
  version = "v0.3.2"

[[projects]]
  branch = "master"
  name = "golang.org/x/time"
  packages = ["rate"]
  revision = "9d24e82272b4f38b78bc8cff74fa936d31ccd8ef"

[[projects]]
  name = "gopkg.in/alecthomas/kingpin.v2"
  packages = ["."]
  revision = "947dcec5ba9c011838740e680966fd7087a71d0d"
  version = "v2.2.6"

[[projects]]
  name = "gopkg.in/asn1-ber.v1"
  packages = ["."]
  revision = "f715ec2f112d1e4195b827ad68cf44017a3ef2b1"
  version = "v1.3"

[[projects]]
  name = "gopkg.in/ldap.v2"
  packages = ["."]
  revision = "bb7a9ca6e4fbc2129e3db588a34bc970ffe811a9"
  version = "v2.5.1"

[[projects]]
  name = "gopkg.in/square/go-jose.v2"
  packages = [
    ".",
    "cipher",
    "json",
    "jwt"
  ]
  revision = "730df5f748271903322feb182be83b43ebbbe27d"
  version = "v2.3.1"

[[projects]]
  name = "gopkg.in/yaml.v2"
  packages = ["."]
  revision = "51d6538a90f86fe93ac480b35f37b2be17fef232"
  version = "v2.2.2"

[solve-meta]
  analyzer-name = "dep"
  analyzer-version = 1
  inputs-digest = "356d20cdb457b1efb43435a5d3b9beb0faab6cf7de3d2c0531b4c0a3f939e1de"
  solver-name = "gps-cdcl"
  solver-version = 1
